
Microsoft Visual Studio Solution File, Format Version 12.00
# Visual Studio 14
VisualStudioVersion = 14.0.23107.0
MinimumVisualStudioVersion = 10.0.40219.1
Project("{FAE04EC0-301F-11D3-BF4B-00C04F79EFBC}") = "BmpReader", "BmpReader\BmpReader.csproj", "{5CC87BBA-3F1E-4D22-9EC9-D99A2CAE4938}"
EndProject
Project("{FAE04EC0-301F-11D3-BF4B-00C04F79EFBC}") = "BmpReader.Test", "BmpReader.Test\BmpReader.Test.csproj", "{6F104A08-A371-4859-84B1-7FF5D1986E68}"
EndProject
Project("{FAE04EC0-301F-11D3-BF4B-00C04F79EFBC}") = "BmpReader.UI", "BmpReader.UI\BmpReader.UI.csproj", "{00949A6B-0C68-4664-9834-32EA002F7B59}"
EndProject
Project("{FAE04EC0-301F-11D3-BF4B-00C04F79EFBC}") = "Scaling", "Scaling\Scaling.csproj", "{DB345C6E-7D0D-4F0F-A7E3-8FBFA96B63C2}"
EndProject
Project("{FAE04EC0-301F-11D3-BF4B-00C04F79EFBC}") = "Linq", "Linq\Linq.csproj", "{757F6C05-8514-4F5F-8E62-5CE79AA1D939}"
EndProject
Project("{FAE04EC0-301F-11D3-BF4B-00C04F79EFBC}") = "ImageProcessing", "ImageProcessing\ImageProcessing.csproj", "{09F3493F-D4D3-4368-864B-49DD3E772D9E}"
EndProject
Project("{FAE04EC0-301F-11D3-BF4B-00C04F79EFBC}") = "Shared", "Shared\Shared.csproj", "{C83A5087-80AE-48AC-BFC6-BA3D8A23BCB2}"
EndProject
Project("{FAE04EC0-301F-11D3-BF4B-00C04F79EFBC}") = "ImageProcessing.UI", "ImageProcessing.UI\ImageProcessing.UI.csproj", "{B182D4B8-F6CC-4A2F-BCD0-3B08475E3A33}"
EndProject
Global
	GlobalSection(SolutionConfigurationPlatforms) = preSolution
		Debug|Any CPU = Debug|Any CPU
		Debug|ARM = Debug|ARM
		Debug|x64 = Debug|x64
		Debug|x86 = Debug|x86
		Release|Any CPU = Release|Any CPU
		Release|ARM = Release|ARM
		Release|x64 = Release|x64
		Release|x86 = Release|x86
	EndGlobalSection
	GlobalSection(ProjectConfigurationPlatforms) = postSolution
		{5CC87BBA-3F1E-4D22-9EC9-D99A2CAE4938}.Debug|Any CPU.ActiveCfg = Debug|Any CPU
		{5CC87BBA-3F1E-4D22-9EC9-D99A2CAE4938}.Debug|Any CPU.Build.0 = Debug|Any CPU
		{5CC87BBA-3F1E-4D22-9EC9-D99A2CAE4938}.Debug|ARM.ActiveCfg = Debug|Any CPU
		{5CC87BBA-3F1E-4D22-9EC9-D99A2CAE4938}.Debug|ARM.Build.0 = Debug|Any CPU
		{5CC87BBA-3F1E-4D22-9EC9-D99A2CAE4938}.Debug|x64.ActiveCfg = Debug|Any CPU
		{5CC87BBA-3F1E-4D22-9EC9-D99A2CAE4938}.Debug|x64.Build.0 = Debug|Any CPU
		{5CC87BBA-3F1E-4D22-9EC9-D99A2CAE4938}.Debug|x86.ActiveCfg = Debug|Any CPU
		{5CC87BBA-3F1E-4D22-9EC9-D99A2CAE4938}.Debug|x86.Build.0 = Debug|Any CPU
		{5CC87BBA-3F1E-4D22-9EC9-D99A2CAE4938}.Release|Any CPU.ActiveCfg = Release|Any CPU
		{5CC87BBA-3F1E-4D22-9EC9-D99A2CAE4938}.Release|Any CPU.Build.0 = Release|Any CPU
		{5CC87BBA-3F1E-4D22-9EC9-D99A2CAE4938}.Release|ARM.ActiveCfg = Release|Any CPU
		{5CC87BBA-3F1E-4D22-9EC9-D99A2CAE4938}.Release|ARM.Build.0 = Release|Any CPU
		{5CC87BBA-3F1E-4D22-9EC9-D99A2CAE4938}.Release|x64.ActiveCfg = Release|Any CPU
		{5CC87BBA-3F1E-4D22-9EC9-D99A2CAE4938}.Release|x64.Build.0 = Release|Any CPU
		{5CC87BBA-3F1E-4D22-9EC9-D99A2CAE4938}.Release|x86.ActiveCfg = Release|Any CPU
		{5CC87BBA-3F1E-4D22-9EC9-D99A2CAE4938}.Release|x86.Build.0 = Release|Any CPU
		{6F104A08-A371-4859-84B1-7FF5D1986E68}.Debug|Any CPU.ActiveCfg = Debug|Any CPU
		{6F104A08-A371-4859-84B1-7FF5D1986E68}.Debug|Any CPU.Build.0 = Debug|Any CPU
		{6F104A08-A371-4859-84B1-7FF5D1986E68}.Debug|ARM.ActiveCfg = Debug|Any CPU
		{6F104A08-A371-4859-84B1-7FF5D1986E68}.Debug|ARM.Build.0 = Debug|Any CPU
		{6F104A08-A371-4859-84B1-7FF5D1986E68}.Debug|x64.ActiveCfg = Debug|Any CPU
		{6F104A08-A371-4859-84B1-7FF5D1986E68}.Debug|x64.Build.0 = Debug|Any CPU
		{6F104A08-A371-4859-84B1-7FF5D1986E68}.Debug|x86.ActiveCfg = Debug|Any CPU
		{6F104A08-A371-4859-84B1-7FF5D1986E68}.Debug|x86.Build.0 = Debug|Any CPU
		{6F104A08-A371-4859-84B1-7FF5D1986E68}.Release|Any CPU.ActiveCfg = Release|Any CPU
		{6F104A08-A371-4859-84B1-7FF5D1986E68}.Release|Any CPU.Build.0 = Release|Any CPU
		{6F104A08-A371-4859-84B1-7FF5D1986E68}.Release|ARM.ActiveCfg = Release|Any CPU
		{6F104A08-A371-4859-84B1-7FF5D1986E68}.Release|ARM.Build.0 = Release|Any CPU
		{6F104A08-A371-4859-84B1-7FF5D1986E68}.Release|x64.ActiveCfg = Release|Any CPU
		{6F104A08-A371-4859-84B1-7FF5D1986E68}.Release|x64.Build.0 = Release|Any CPU
		{6F104A08-A371-4859-84B1-7FF5D1986E68}.Release|x86.ActiveCfg = Release|Any CPU
		{6F104A08-A371-4859-84B1-7FF5D1986E68}.Release|x86.Build.0 = Release|Any CPU
		{00949A6B-0C68-4664-9834-32EA002F7B59}.Debug|Any CPU.ActiveCfg = Debug|Any CPU
		{00949A6B-0C68-4664-9834-32EA002F7B59}.Debug|Any CPU.Build.0 = Debug|Any CPU
		{00949A6B-0C68-4664-9834-32EA002F7B59}.Debug|ARM.ActiveCfg = Debug|Any CPU
		{00949A6B-0C68-4664-9834-32EA002F7B59}.Debug|ARM.Build.0 = Debug|Any CPU
		{00949A6B-0C68-4664-9834-32EA002F7B59}.Debug|x64.ActiveCfg = Debug|Any CPU
		{00949A6B-0C68-4664-9834-32EA002F7B59}.Debug|x64.Build.0 = Debug|Any CPU
		{00949A6B-0C68-4664-9834-32EA002F7B59}.Debug|x86.ActiveCfg = Debug|Any CPU
		{00949A6B-0C68-4664-9834-32EA002F7B59}.Debug|x86.Build.0 = Debug|Any CPU
		{00949A6B-0C68-4664-9834-32EA002F7B59}.Release|Any CPU.ActiveCfg = Release|Any CPU
		{00949A6B-0C68-4664-9834-32EA002F7B59}.Release|Any CPU.Build.0 = Release|Any CPU
		{00949A6B-0C68-4664-9834-32EA002F7B59}.Release|ARM.ActiveCfg = Release|Any CPU
		{00949A6B-0C68-4664-9834-32EA002F7B59}.Release|ARM.Build.0 = Release|Any CPU
		{00949A6B-0C68-4664-9834-32EA002F7B59}.Release|x64.ActiveCfg = Release|Any CPU
		{00949A6B-0C68-4664-9834-32EA002F7B59}.Release|x64.Build.0 = Release|Any CPU
		{00949A6B-0C68-4664-9834-32EA002F7B59}.Release|x86.ActiveCfg = Release|Any CPU
		{00949A6B-0C68-4664-9834-32EA002F7B59}.Release|x86.Build.0 = Release|Any CPU
		{DB345C6E-7D0D-4F0F-A7E3-8FBFA96B63C2}.Debug|Any CPU.ActiveCfg = Debug|Any CPU
		{DB345C6E-7D0D-4F0F-A7E3-8FBFA96B63C2}.Debug|Any CPU.Build.0 = Debug|Any CPU
		{DB345C6E-7D0D-4F0F-A7E3-8FBFA96B63C2}.Debug|ARM.ActiveCfg = Debug|Any CPU
		{DB345C6E-7D0D-4F0F-A7E3-8FBFA96B63C2}.Debug|ARM.Build.0 = Debug|Any CPU
		{DB345C6E-7D0D-4F0F-A7E3-8FBFA96B63C2}.Debug|x64.ActiveCfg = Debug|Any CPU
		{DB345C6E-7D0D-4F0F-A7E3-8FBFA96B63C2}.Debug|x64.Build.0 = Debug|Any CPU
		{DB345C6E-7D0D-4F0F-A7E3-8FBFA96B63C2}.Debug|x86.ActiveCfg = Debug|Any CPU
		{DB345C6E-7D0D-4F0F-A7E3-8FBFA96B63C2}.Debug|x86.Build.0 = Debug|Any CPU
		{DB345C6E-7D0D-4F0F-A7E3-8FBFA96B63C2}.Release|Any CPU.ActiveCfg = Release|Any CPU
		{DB345C6E-7D0D-4F0F-A7E3-8FBFA96B63C2}.Release|Any CPU.Build.0 = Release|Any CPU
		{DB345C6E-7D0D-4F0F-A7E3-8FBFA96B63C2}.Release|ARM.ActiveCfg = Release|Any CPU
		{DB345C6E-7D0D-4F0F-A7E3-8FBFA96B63C2}.Release|ARM.Build.0 = Release|Any CPU
		{DB345C6E-7D0D-4F0F-A7E3-8FBFA96B63C2}.Release|x64.ActiveCfg = Release|Any CPU
		{DB345C6E-7D0D-4F0F-A7E3-8FBFA96B63C2}.Release|x64.Build.0 = Release|Any CPU
		{DB345C6E-7D0D-4F0F-A7E3-8FBFA96B63C2}.Release|x86.ActiveCfg = Release|Any CPU
		{DB345C6E-7D0D-4F0F-A7E3-8FBFA96B63C2}.Release|x86.Build.0 = Release|Any CPU
		{757F6C05-8514-4F5F-8E62-5CE79AA1D939}.Debug|Any CPU.ActiveCfg = Debug|Any CPU
		{757F6C05-8514-4F5F-8E62-5CE79AA1D939}.Debug|Any CPU.Build.0 = Debug|Any CPU
		{757F6C05-8514-4F5F-8E62-5CE79AA1D939}.Debug|ARM.ActiveCfg = Debug|Any CPU
		{757F6C05-8514-4F5F-8E62-5CE79AA1D939}.Debug|ARM.Build.0 = Debug|Any CPU
		{757F6C05-8514-4F5F-8E62-5CE79AA1D939}.Debug|x64.ActiveCfg = Debug|Any CPU
		{757F6C05-8514-4F5F-8E62-5CE79AA1D939}.Debug|x64.Build.0 = Debug|Any CPU
		{757F6C05-8514-4F5F-8E62-5CE79AA1D939}.Debug|x86.ActiveCfg = Debug|Any CPU
		{757F6C05-8514-4F5F-8E62-5CE79AA1D939}.Debug|x86.Build.0 = Debug|Any CPU
		{757F6C05-8514-4F5F-8E62-5CE79AA1D939}.Release|Any CPU.ActiveCfg = Release|Any CPU
		{757F6C05-8514-4F5F-8E62-5CE79AA1D939}.Release|Any CPU.Build.0 = Release|Any CPU
		{757F6C05-8514-4F5F-8E62-5CE79AA1D939}.Release|ARM.ActiveCfg = Release|Any CPU
		{757F6C05-8514-4F5F-8E62-5CE79AA1D939}.Release|ARM.Build.0 = Release|Any CPU
		{757F6C05-8514-4F5F-8E62-5CE79AA1D939}.Release|x64.ActiveCfg = Release|Any CPU
		{757F6C05-8514-4F5F-8E62-5CE79AA1D939}.Release|x64.Build.0 = Release|Any CPU
		{757F6C05-8514-4F5F-8E62-5CE79AA1D939}.Release|x86.ActiveCfg = Release|Any CPU
		{757F6C05-8514-4F5F-8E62-5CE79AA1D939}.Release|x86.Build.0 = Release|Any CPU
		{09F3493F-D4D3-4368-864B-49DD3E772D9E}.Debug|Any CPU.ActiveCfg = Debug|Any CPU
		{09F3493F-D4D3-4368-864B-49DD3E772D9E}.Debug|Any CPU.Build.0 = Debug|Any CPU
		{09F3493F-D4D3-4368-864B-49DD3E772D9E}.Debug|ARM.ActiveCfg = Debug|Any CPU
		{09F3493F-D4D3-4368-864B-49DD3E772D9E}.Debug|ARM.Build.0 = Debug|Any CPU
		{09F3493F-D4D3-4368-864B-49DD3E772D9E}.Debug|x64.ActiveCfg = Debug|Any CPU
		{09F3493F-D4D3-4368-864B-49DD3E772D9E}.Debug|x64.Build.0 = Debug|Any CPU
		{09F3493F-D4D3-4368-864B-49DD3E772D9E}.Debug|x86.ActiveCfg = Debug|Any CPU
		{09F3493F-D4D3-4368-864B-49DD3E772D9E}.Debug|x86.Build.0 = Debug|Any CPU
		{09F3493F-D4D3-4368-864B-49DD3E772D9E}.Release|Any CPU.ActiveCfg = Release|Any CPU
		{09F3493F-D4D3-4368-864B-49DD3E772D9E}.Release|Any CPU.Build.0 = Release|Any CPU
		{09F3493F-D4D3-4368-864B-49DD3E772D9E}.Release|ARM.ActiveCfg = Release|Any CPU
		{09F3493F-D4D3-4368-864B-49DD3E772D9E}.Release|ARM.Build.0 = Release|Any CPU
		{09F3493F-D4D3-4368-864B-49DD3E772D9E}.Release|x64.ActiveCfg = Release|Any CPU
		{09F3493F-D4D3-4368-864B-49DD3E772D9E}.Release|x64.Build.0 = Release|Any CPU
		{09F3493F-D4D3-4368-864B-49DD3E772D9E}.Release|x86.ActiveCfg = Release|Any CPU
		{09F3493F-D4D3-4368-864B-49DD3E772D9E}.Release|x86.Build.0 = Release|Any CPU
		{C83A5087-80AE-48AC-BFC6-BA3D8A23BCB2}.Debug|Any CPU.ActiveCfg = Debug|Any CPU
		{C83A5087-80AE-48AC-BFC6-BA3D8A23BCB2}.Debug|Any CPU.Build.0 = Debug|Any CPU
		{C83A5087-80AE-48AC-BFC6-BA3D8A23BCB2}.Debug|ARM.ActiveCfg = Debug|Any CPU
		{C83A5087-80AE-48AC-BFC6-BA3D8A23BCB2}.Debug|ARM.Build.0 = Debug|Any CPU
		{C83A5087-80AE-48AC-BFC6-BA3D8A23BCB2}.Debug|x64.ActiveCfg = Debug|Any CPU
		{C83A5087-80AE-48AC-BFC6-BA3D8A23BCB2}.Debug|x64.Build.0 = Debug|Any CPU
		{C83A5087-80AE-48AC-BFC6-BA3D8A23BCB2}.Debug|x86.ActiveCfg = Debug|Any CPU
		{C83A5087-80AE-48AC-BFC6-BA3D8A23BCB2}.Debug|x86.Build.0 = Debug|Any CPU
		{C83A5087-80AE-48AC-BFC6-BA3D8A23BCB2}.Release|Any CPU.ActiveCfg = Release|Any CPU
		{C83A5087-80AE-48AC-BFC6-BA3D8A23BCB2}.Release|Any CPU.Build.0 = Release|Any CPU
		{C83A5087-80AE-48AC-BFC6-BA3D8A23BCB2}.Release|ARM.ActiveCfg = Release|Any CPU
		{C83A5087-80AE-48AC-BFC6-BA3D8A23BCB2}.Release|ARM.Build.0 = Release|Any CPU
		{C83A5087-80AE-48AC-BFC6-BA3D8A23BCB2}.Release|x64.ActiveCfg = Release|Any CPU
		{C83A5087-80AE-48AC-BFC6-BA3D8A23BCB2}.Release|x64.Build.0 = Release|Any CPU
		{C83A5087-80AE-48AC-BFC6-BA3D8A23BCB2}.Release|x86.ActiveCfg = Release|Any CPU
		{C83A5087-80AE-48AC-BFC6-BA3D8A23BCB2}.Release|x86.Build.0 = Release|Any CPU
		{B182D4B8-F6CC-4A2F-BCD0-3B08475E3A33}.Debug|Any CPU.ActiveCfg = Debug|Any CPU
		{B182D4B8-F6CC-4A2F-BCD0-3B08475E3A33}.Debug|Any CPU.Build.0 = Debug|Any CPU
		{B182D4B8-F6CC-4A2F-BCD0-3B08475E3A33}.Debug|ARM.ActiveCfg = Debug|Any CPU
		{B182D4B8-F6CC-4A2F-BCD0-3B08475E3A33}.Debug|ARM.Build.0 = Debug|Any CPU
		{B182D4B8-F6CC-4A2F-BCD0-3B08475E3A33}.Debug|x64.ActiveCfg = Debug|Any CPU
		{B182D4B8-F6CC-4A2F-BCD0-3B08475E3A33}.Debug|x64.Build.0 = Debug|Any CPU
		{B182D4B8-F6CC-4A2F-BCD0-3B08475E3A33}.Debug|x86.ActiveCfg = Debug|Any CPU
		{B182D4B8-F6CC-4A2F-BCD0-3B08475E3A33}.Debug|x86.Build.0 = Debug|Any CPU
		{B182D4B8-F6CC-4A2F-BCD0-3B08475E3A33}.Release|Any CPU.ActiveCfg = Release|Any CPU
		{B182D4B8-F6CC-4A2F-BCD0-3B08475E3A33}.Release|Any CPU.Build.0 = Release|Any CPU
		{B182D4B8-F6CC-4A2F-BCD0-3B08475E3A33}.Release|ARM.ActiveCfg = Release|Any CPU
		{B182D4B8-F6CC-4A2F-BCD0-3B08475E3A33}.Release|ARM.Build.0 = Release|Any CPU
		{B182D4B8-F6CC-4A2F-BCD0-3B08475E3A33}.Release|x64.ActiveCfg = Release|Any CPU
		{B182D4B8-F6CC-4A2F-BCD0-3B08475E3A33}.Release|x64.Build.0 = Release|Any CPU
		{B182D4B8-F6CC-4A2F-BCD0-3B08475E3A33}.Release|x86.ActiveCfg = Release|Any CPU
		{B182D4B8-F6CC-4A2F-BCD0-3B08475E3A33}.Release|x86.Build.0 = Release|Any CPU
	EndGlobalSection
	GlobalSection(SolutionProperties) = preSolution
		HideSolutionNode = FALSE
	EndGlobalSection
EndGlobal
